// !$*UTF8*$!
{
	archiveVersion = 1;
	classes = {
	};
	objectVersion = 55;
	objects = {

/* Begin PBXBuildFile section */
		490994F62B4721C80083FA8E /* new_nightshots.xcstrings in Resources */ = {isa = PBXBuildFile; fileRef = 490994F42B4721C70083FA8E /* new_nightshots.xcstrings */; };
		490994F72B4721C80083FA8E /* nightshots.stringsdict in Resources */ = {isa = PBXBuildFile; fileRef = 490994F52B4721C70083FA8E /* nightshots.stringsdict */; };
		492BDAA12B46F9BF001A6C52 /* longexposure.stringsdict in Resources */ = {isa = PBXBuildFile; fileRef = 492BDAA02B46F9BF001A6C52 /* longexposure.stringsdict */; };
		492BDAA32B46FC73001A6C52 /* default.stringsdict in Resources */ = {isa = PBXBuildFile; fileRef = 492BDAA22B46FC73001A6C52 /* default.stringsdict */; };
		495CCC4C2B45E3AA00BBA415 /* Vero_ScriptsApp.swift in Sources */ = {isa = PBXBuildFile; fileRef = 495CCC4B2B45E3AA00BBA415 /* Vero_ScriptsApp.swift */; };
		495CCC4E2B45E3AA00BBA415 /* ContentView.swift in Sources */ = {isa = PBXBuildFile; fileRef = 495CCC4D2B45E3AA00BBA415 /* ContentView.swift */; };
		495CCC502B45E3AC00BBA415 /* Assets.xcassets in Resources */ = {isa = PBXBuildFile; fileRef = 495CCC4F2B45E3AC00BBA415 /* Assets.xcassets */; };
		495CCC532B45E3AC00BBA415 /* Preview Assets.xcassets in Resources */ = {isa = PBXBuildFile; fileRef = 495CCC522B45E3AC00BBA415 /* Preview Assets.xcassets */; };
		4972985F2B4759890041AB52 /* birds.stringsdict in Resources */ = {isa = PBXBuildFile; fileRef = 4972985D2B4759880041AB52 /* birds.stringsdict */; };
		497298602B4759890041AB52 /* new_birds.xcstrings in Resources */ = {isa = PBXBuildFile; fileRef = 4972985E2B4759890041AB52 /* new_birds.xcstrings */; };
		497298632B475B500041AB52 /* landscape.stringsdict in Resources */ = {isa = PBXBuildFile; fileRef = 497298612B475B500041AB52 /* landscape.stringsdict */; };
		497298642B475B500041AB52 /* new_landscape.xcstrings in Resources */ = {isa = PBXBuildFile; fileRef = 497298622B475B500041AB52 /* new_landscape.xcstrings */; };
		49D7B2B12B472EA000A61517 /* new_people.xcstrings in Resources */ = {isa = PBXBuildFile; fileRef = 49D7B2AF2B472EA000A61517 /* new_people.xcstrings */; };
		49D7B2B22B472EA000A61517 /* people.stringsdict in Resources */ = {isa = PBXBuildFile; fileRef = 49D7B2B02B472EA000A61517 /* people.stringsdict */; };
		49D7B2B52B47300D00A61517 /* books.stringsdict in Resources */ = {isa = PBXBuildFile; fileRef = 49D7B2B32B47300D00A61517 /* books.stringsdict */; };
		49D7B2B62B47300D00A61517 /* new_books.xcstrings in Resources */ = {isa = PBXBuildFile; fileRef = 49D7B2B42B47300D00A61517 /* new_books.xcstrings */; };
		49D7B2B92B4732C100A61517 /* new_alltrees.xcstrings in Resources */ = {isa = PBXBuildFile; fileRef = 49D7B2B72B4732C100A61517 /* new_alltrees.xcstrings */; };
		49D7B2BA2B4732C100A61517 /* alltrees.stringsdict in Resources */ = {isa = PBXBuildFile; fileRef = 49D7B2B82B4732C100A61517 /* alltrees.stringsdict */; };
		49D7B2BD2B47342000A61517 /* new_beaches.xcstrings in Resources */ = {isa = PBXBuildFile; fileRef = 49D7B2BB2B47342000A61517 /* new_beaches.xcstrings */; };
		49D7B2BE2B47342000A61517 /* beaches.stringsdict in Resources */ = {isa = PBXBuildFile; fileRef = 49D7B2BC2B47342000A61517 /* beaches.stringsdict */; };
		49D7B2C12B47355D00A61517 /* new_canada.xcstrings in Resources */ = {isa = PBXBuildFile; fileRef = 49D7B2BF2B47355D00A61517 /* new_canada.xcstrings */; };
		49D7B2C22B47355D00A61517 /* canada.stringsdict in Resources */ = {isa = PBXBuildFile; fileRef = 49D7B2C02B47355D00A61517 /* canada.stringsdict */; };
		49D7B2C72B4754A600A61517 /* new_potd.xcstrings in Resources */ = {isa = PBXBuildFile; fileRef = 49D7B2C32B4754A600A61517 /* new_potd.xcstrings */; };
		49D7B2C82B4754A600A61517 /* foggy.stringsdict in Resources */ = {isa = PBXBuildFile; fileRef = 49D7B2C42B4754A600A61517 /* foggy.stringsdict */; };
		49D7B2C92B4754A600A61517 /* new_foggy.xcstrings in Resources */ = {isa = PBXBuildFile; fileRef = 49D7B2C52B4754A600A61517 /* new_foggy.xcstrings */; };
		49D7B2CA2B4754A600A61517 /* potd.stringsdict in Resources */ = {isa = PBXBuildFile; fileRef = 49D7B2C62B4754A600A61517 /* potd.stringsdict */; };
		49DF756E2B477020004F0EAE /* skies.stringsdict in Resources */ = {isa = PBXBuildFile; fileRef = 49DF756A2B477020004F0EAE /* skies.stringsdict */; };
		49DF756F2B477020004F0EAE /* new_skies.xcstrings in Resources */ = {isa = PBXBuildFile; fileRef = 49DF756B2B477020004F0EAE /* new_skies.xcstrings */; };
		49DF75702B477020004F0EAE /* new_reflection.xcstrings in Resources */ = {isa = PBXBuildFile; fileRef = 49DF756C2B477020004F0EAE /* new_reflection.xcstrings */; };
		49DF75712B477020004F0EAE /* reflection.stringsdict in Resources */ = {isa = PBXBuildFile; fileRef = 49DF756D2B477020004F0EAE /* reflection.stringsdict */; };
		49DF75742B4771FC004F0EAE /* new_usa.xcstrings in Resources */ = {isa = PBXBuildFile; fileRef = 49DF75722B4771FB004F0EAE /* new_usa.xcstrings */; };
		49DF75752B4771FC004F0EAE /* usa.stringsdict in Resources */ = {isa = PBXBuildFile; fileRef = 49DF75732B4771FB004F0EAE /* usa.stringsdict */; };
		49E711BC2B4647EF00E02D86 /* new_longexposure.xcstrings in Resources */ = {isa = PBXBuildFile; fileRef = 49E711BB2B4647EF00E02D86 /* new_longexposure.xcstrings */; };
		49E711BE2B464BCE00E02D86 /* new_default.xcstrings in Resources */ = {isa = PBXBuildFile; fileRef = 49E711BD2B464BCE00E02D86 /* new_default.xcstrings */; };
/* End PBXBuildFile section */

/* Begin PBXFileReference section */
		490994F42B4721C70083FA8E /* new_nightshots.xcstrings */ = {isa = PBXFileReference; fileEncoding = 4; lastKnownFileType = text; path = new_nightshots.xcstrings; sourceTree = "<group>"; };
		490994F52B4721C70083FA8E /* nightshots.stringsdict */ = {isa = PBXFileReference; fileEncoding = 4; lastKnownFileType = text.plist.stringsdict; path = nightshots.stringsdict; sourceTree = "<group>"; };
		492BDAA02B46F9BF001A6C52 /* longexposure.stringsdict */ = {isa = PBXFileReference; lastKnownFileType = text.plist.stringsdict; path = longexposure.stringsdict; sourceTree = "<group>"; };
		492BDAA22B46FC73001A6C52 /* default.stringsdict */ = {isa = PBXFileReference; lastKnownFileType = text.plist.stringsdict; path = default.stringsdict; sourceTree = "<group>"; };
		495CCC482B45E3AA00BBA415 /* Vero Scripts.app */ = {isa = PBXFileReference; explicitFileType = wrapper.application; includeInIndex = 0; path = "Vero Scripts.app"; sourceTree = BUILT_PRODUCTS_DIR; };
		495CCC4B2B45E3AA00BBA415 /* Vero_ScriptsApp.swift */ = {isa = PBXFileReference; lastKnownFileType = sourcecode.swift; path = Vero_ScriptsApp.swift; sourceTree = "<group>"; };
		495CCC4D2B45E3AA00BBA415 /* ContentView.swift */ = {isa = PBXFileReference; lastKnownFileType = sourcecode.swift; path = ContentView.swift; sourceTree = "<group>"; };
		495CCC4F2B45E3AC00BBA415 /* Assets.xcassets */ = {isa = PBXFileReference; lastKnownFileType = folder.assetcatalog; path = Assets.xcassets; sourceTree = "<group>"; };
		495CCC522B45E3AC00BBA415 /* Preview Assets.xcassets */ = {isa = PBXFileReference; lastKnownFileType = folder.assetcatalog; path = "Preview Assets.xcassets"; sourceTree = "<group>"; };
		495CCC542B45E3AC00BBA415 /* Vero_Scripts.entitlements */ = {isa = PBXFileReference; lastKnownFileType = text.plist.entitlements; path = Vero_Scripts.entitlements; sourceTree = "<group>"; };
		4972985D2B4759880041AB52 /* birds.stringsdict */ = {isa = PBXFileReference; fileEncoding = 4; lastKnownFileType = text.plist.stringsdict; name = birds.stringsdict; path = "Script Templates/birds.stringsdict"; sourceTree = SOURCE_ROOT; };
		4972985E2B4759890041AB52 /* new_birds.xcstrings */ = {isa = PBXFileReference; fileEncoding = 4; lastKnownFileType = text.json.xcstrings; name = new_birds.xcstrings; path = "Script Templates/new_birds.xcstrings"; sourceTree = SOURCE_ROOT; };
		497298612B475B500041AB52 /* landscape.stringsdict */ = {isa = PBXFileReference; fileEncoding = 4; lastKnownFileType = text.plist.stringsdict; name = landscape.stringsdict; path = "Script Templates/landscape.stringsdict"; sourceTree = SOURCE_ROOT; };
		497298622B475B500041AB52 /* new_landscape.xcstrings */ = {isa = PBXFileReference; fileEncoding = 4; lastKnownFileType = text.json.xcstrings; name = new_landscape.xcstrings; path = "Script Templates/new_landscape.xcstrings"; sourceTree = SOURCE_ROOT; };
		49D7B2AF2B472EA000A61517 /* new_people.xcstrings */ = {isa = PBXFileReference; fileEncoding = 4; lastKnownFileType = text.json.xcstrings; name = new_people.xcstrings; path = "Script Templates/new_people.xcstrings"; sourceTree = SOURCE_ROOT; };
		49D7B2B02B472EA000A61517 /* people.stringsdict */ = {isa = PBXFileReference; fileEncoding = 4; lastKnownFileType = text.plist.stringsdict; name = people.stringsdict; path = "Script Templates/people.stringsdict"; sourceTree = SOURCE_ROOT; };
		49D7B2B32B47300D00A61517 /* books.stringsdict */ = {isa = PBXFileReference; fileEncoding = 4; lastKnownFileType = text.plist.stringsdict; name = books.stringsdict; path = "Script Templates/books.stringsdict"; sourceTree = SOURCE_ROOT; };
		49D7B2B42B47300D00A61517 /* new_books.xcstrings */ = {isa = PBXFileReference; fileEncoding = 4; lastKnownFileType = text.json.xcstrings; name = new_books.xcstrings; path = "Script Templates/new_books.xcstrings"; sourceTree = SOURCE_ROOT; };
		49D7B2B72B4732C100A61517 /* new_alltrees.xcstrings */ = {isa = PBXFileReference; fileEncoding = 4; lastKnownFileType = text.json.xcstrings; name = new_alltrees.xcstrings; path = "Script Templates/new_alltrees.xcstrings"; sourceTree = SOURCE_ROOT; };
		49D7B2B82B4732C100A61517 /* alltrees.stringsdict */ = {isa = PBXFileReference; fileEncoding = 4; lastKnownFileType = text.plist.stringsdict; name = alltrees.stringsdict; path = "Script Templates/alltrees.stringsdict"; sourceTree = SOURCE_ROOT; };
		49D7B2BB2B47342000A61517 /* new_beaches.xcstrings */ = {isa = PBXFileReference; fileEncoding = 4; lastKnownFileType = text.json.xcstrings; name = new_beaches.xcstrings; path = "Script Templates/new_beaches.xcstrings"; sourceTree = SOURCE_ROOT; };
		49D7B2BC2B47342000A61517 /* beaches.stringsdict */ = {isa = PBXFileReference; fileEncoding = 4; lastKnownFileType = text.plist.stringsdict; name = beaches.stringsdict; path = "Script Templates/beaches.stringsdict"; sourceTree = SOURCE_ROOT; };
		49D7B2BF2B47355D00A61517 /* new_canada.xcstrings */ = {isa = PBXFileReference; fileEncoding = 4; lastKnownFileType = text.json.xcstrings; name = new_canada.xcstrings; path = "Script Templates/new_canada.xcstrings"; sourceTree = SOURCE_ROOT; };
		49D7B2C02B47355D00A61517 /* canada.stringsdict */ = {isa = PBXFileReference; fileEncoding = 4; lastKnownFileType = text.plist.stringsdict; name = canada.stringsdict; path = "Script Templates/canada.stringsdict"; sourceTree = SOURCE_ROOT; };
		49D7B2C32B4754A600A61517 /* new_potd.xcstrings */ = {isa = PBXFileReference; fileEncoding = 4; lastKnownFileType = text.json.xcstrings; name = new_potd.xcstrings; path = "Script Templates/new_potd.xcstrings"; sourceTree = SOURCE_ROOT; };
		49D7B2C42B4754A600A61517 /* foggy.stringsdict */ = {isa = PBXFileReference; fileEncoding = 4; lastKnownFileType = text.plist.stringsdict; name = foggy.stringsdict; path = "Script Templates/foggy.stringsdict"; sourceTree = SOURCE_ROOT; };
		49D7B2C52B4754A600A61517 /* new_foggy.xcstrings */ = {isa = PBXFileReference; fileEncoding = 4; lastKnownFileType = text.json.xcstrings; name = new_foggy.xcstrings; path = "Script Templates/new_foggy.xcstrings"; sourceTree = SOURCE_ROOT; };
		49D7B2C62B4754A600A61517 /* potd.stringsdict */ = {isa = PBXFileReference; fileEncoding = 4; lastKnownFileType = text.plist.stringsdict; name = potd.stringsdict; path = "Script Templates/potd.stringsdict"; sourceTree = SOURCE_ROOT; };
		49DF756A2B477020004F0EAE /* skies.stringsdict */ = {isa = PBXFileReference; fileEncoding = 4; lastKnownFileType = text.plist.stringsdict; path = skies.stringsdict; sourceTree = "<group>"; };
		49DF756B2B477020004F0EAE /* new_skies.xcstrings */ = {isa = PBXFileReference; fileEncoding = 4; lastKnownFileType = text; path = new_skies.xcstrings; sourceTree = "<group>"; };
		49DF756C2B477020004F0EAE /* new_reflection.xcstrings */ = {isa = PBXFileReference; fileEncoding = 4; lastKnownFileType = text; path = new_reflection.xcstrings; sourceTree = "<group>"; };
		49DF756D2B477020004F0EAE /* reflection.stringsdict */ = {isa = PBXFileReference; fileEncoding = 4; lastKnownFileType = text.plist.stringsdict; path = reflection.stringsdict; sourceTree = "<group>"; };
		49DF75722B4771FB004F0EAE /* new_usa.xcstrings */ = {isa = PBXFileReference; fileEncoding = 4; lastKnownFileType = text; path = new_usa.xcstrings; sourceTree = "<group>"; };
		49DF75732B4771FB004F0EAE /* usa.stringsdict */ = {isa = PBXFileReference; fileEncoding = 4; lastKnownFileType = text.plist.stringsdict; path = usa.stringsdict; sourceTree = "<group>"; };
		49E711BB2B4647EF00E02D86 /* new_longexposure.xcstrings */ = {isa = PBXFileReference; lastKnownFileType = text.json.xcstrings; path = new_longexposure.xcstrings; sourceTree = "<group>"; };
		49E711BD2B464BCE00E02D86 /* new_default.xcstrings */ = {isa = PBXFileReference; fileEncoding = 4; lastKnownFileType = text; path = new_default.xcstrings; sourceTree = "<group>"; };
/* End PBXFileReference section */

/* Begin PBXFrameworksBuildPhase section */
		495CCC452B45E3AA00BBA415 /* Frameworks */ = {
			isa = PBXFrameworksBuildPhase;
			buildActionMask = 2147483647;
			files = (
			);
			runOnlyForDeploymentPostprocessing = 0;
		};
/* End PBXFrameworksBuildPhase section */

/* Begin PBXGroup section */
		495CCC3F2B45E3AA00BBA415 = {
			isa = PBXGroup;
			children = (
				495CCC4A2B45E3AA00BBA415 /* Vero Scripts */,
				495CCC492B45E3AA00BBA415 /* Products */,
			);
			sourceTree = "<group>";
		};
		495CCC492B45E3AA00BBA415 /* Products */ = {
			isa = PBXGroup;
			children = (
				495CCC482B45E3AA00BBA415 /* Vero Scripts.app */,
			);
			name = Products;
			sourceTree = "<group>";
		};
		495CCC4A2B45E3AA00BBA415 /* Vero Scripts */ = {
			isa = PBXGroup;
			children = (
				495CCC4B2B45E3AA00BBA415 /* Vero_ScriptsApp.swift */,
				495CCC4D2B45E3AA00BBA415 /* ContentView.swift */,
				495CCC4F2B45E3AC00BBA415 /* Assets.xcassets */,
				495CCC542B45E3AC00BBA415 /* Vero_Scripts.entitlements */,
				495CCC512B45E3AC00BBA415 /* Preview Content */,
				497298652B4760F80041AB52 /* String Resources */,
			);
			path = "Vero Scripts";
			sourceTree = "<group>";
		};
		495CCC512B45E3AC00BBA415 /* Preview Content */ = {
			isa = PBXGroup;
			children = (
				495CCC522B45E3AC00BBA415 /* Preview Assets.xcassets */,
			);
			path = "Preview Content";
			sourceTree = "<group>";
		};
		497298652B4760F80041AB52 /* String Resources */ = {
			isa = PBXGroup;
			children = (
				49D7B2B72B4732C100A61517 /* new_alltrees.xcstrings */,
				49D7B2B82B4732C100A61517 /* alltrees.stringsdict */,
				49D7B2BB2B47342000A61517 /* new_beaches.xcstrings */,
				49D7B2BC2B47342000A61517 /* beaches.stringsdict */,
				4972985E2B4759890041AB52 /* new_birds.xcstrings */,
				4972985D2B4759880041AB52 /* birds.stringsdict */,
				49D7B2B42B47300D00A61517 /* new_books.xcstrings */,
				49D7B2B32B47300D00A61517 /* books.stringsdict */,
				49D7B2BF2B47355D00A61517 /* new_canada.xcstrings */,
				49D7B2C02B47355D00A61517 /* canada.stringsdict */,
				49E711BD2B464BCE00E02D86 /* new_default.xcstrings */,
				492BDAA22B46FC73001A6C52 /* default.stringsdict */,
				49D7B2C52B4754A600A61517 /* new_foggy.xcstrings */,
				49D7B2C42B4754A600A61517 /* foggy.stringsdict */,
				497298622B475B500041AB52 /* new_landscape.xcstrings */,
				497298612B475B500041AB52 /* landscape.stringsdict */,
				49E711BB2B4647EF00E02D86 /* new_longexposure.xcstrings */,
				492BDAA02B46F9BF001A6C52 /* longexposure.stringsdict */,
				490994F42B4721C70083FA8E /* new_nightshots.xcstrings */,
				490994F52B4721C70083FA8E /* nightshots.stringsdict */,
				49D7B2AF2B472EA000A61517 /* new_people.xcstrings */,
				49D7B2B02B472EA000A61517 /* people.stringsdict */,
				49D7B2C32B4754A600A61517 /* new_potd.xcstrings */,
				49D7B2C62B4754A600A61517 /* potd.stringsdict */,
				49DF756C2B477020004F0EAE /* new_reflection.xcstrings */,
				49DF756D2B477020004F0EAE /* reflection.stringsdict */,
				49DF756B2B477020004F0EAE /* new_skies.xcstrings */,
				49DF756A2B477020004F0EAE /* skies.stringsdict */,
				49DF75722B4771FB004F0EAE /* new_usa.xcstrings */,
				49DF75732B4771FB004F0EAE /* usa.stringsdict */,
			);
			name = "String Resources";
			sourceTree = "<group>";
		};
/* End PBXGroup section */

/* Begin PBXNativeTarget section */
		495CCC472B45E3AA00BBA415 /* Vero Scripts */ = {
			isa = PBXNativeTarget;
			buildConfigurationList = 495CCC572B45E3AC00BBA415 /* Build configuration list for PBXNativeTarget "Vero Scripts" */;
			buildPhases = (
				495CCC442B45E3AA00BBA415 /* Sources */,
				495CCC452B45E3AA00BBA415 /* Frameworks */,
				495CCC462B45E3AA00BBA415 /* Resources */,
			);
			buildRules = (
			);
			dependencies = (
			);
			name = "Vero Scripts";
			productName = "Vero Scripts";
			productReference = 495CCC482B45E3AA00BBA415 /* Vero Scripts.app */;
			productType = "com.apple.product-type.application";
		};
/* End PBXNativeTarget section */

/* Begin PBXProject section */
		495CCC402B45E3AA00BBA415 /* Project object */ = {
			isa = PBXProject;
			attributes = {
				BuildIndependentTargetsInParallel = 1;
				LastSwiftUpdateCheck = 1510;
				LastUpgradeCheck = 1510;
				TargetAttributes = {
					495CCC472B45E3AA00BBA415 = {
						CreatedOnToolsVersion = 15.1;
					};
				};
			};
			buildConfigurationList = 495CCC432B45E3AA00BBA415 /* Build configuration list for PBXProject "Vero Scripts" */;
			compatibilityVersion = "Xcode 13.0";
			developmentRegion = en;
			hasScannedForEncodings = 0;
			knownRegions = (
				en,
				Base,
			);
			mainGroup = 495CCC3F2B45E3AA00BBA415;
			productRefGroup = 495CCC492B45E3AA00BBA415 /* Products */;
			projectDirPath = "";
			projectRoot = "";
			targets = (
				495CCC472B45E3AA00BBA415 /* Vero Scripts */,
			);
		};
/* End PBXProject section */

/* Begin PBXResourcesBuildPhase section */
		495CCC462B45E3AA00BBA415 /* Resources */ = {
			isa = PBXResourcesBuildPhase;
			buildActionMask = 2147483647;
			files = (
				490994F62B4721C80083FA8E /* new_nightshots.xcstrings in Resources */,
				49DF756E2B477020004F0EAE /* skies.stringsdict in Resources */,
				49DF756F2B477020004F0EAE /* new_skies.xcstrings in Resources */,
				49DF75742B4771FC004F0EAE /* new_usa.xcstrings in Resources */,
				49D7B2C92B4754A600A61517 /* new_foggy.xcstrings in Resources */,
				49D7B2B62B47300D00A61517 /* new_books.xcstrings in Resources */,
				49DF75702B477020004F0EAE /* new_reflection.xcstrings in Resources */,
				49D7B2B22B472EA000A61517 /* people.stringsdict in Resources */,
				492BDAA32B46FC73001A6C52 /* default.stringsdict in Resources */,
				49D7B2C22B47355D00A61517 /* canada.stringsdict in Resources */,
				497298642B475B500041AB52 /* new_landscape.xcstrings in Resources */,
				492BDAA12B46F9BF001A6C52 /* longexposure.stringsdict in Resources */,
				49D7B2CA2B4754A600A61517 /* potd.stringsdict in Resources */,
				4972985F2B4759890041AB52 /* birds.stringsdict in Resources */,
				495CCC532B45E3AC00BBA415 /* Preview Assets.xcassets in Resources */,
				49D7B2B12B472EA000A61517 /* new_people.xcstrings in Resources */,
				497298632B475B500041AB52 /* landscape.stringsdict in Resources */,
				497298602B4759890041AB52 /* new_birds.xcstrings in Resources */,
				49D7B2B92B4732C100A61517 /* new_alltrees.xcstrings in Resources */,
				49E711BE2B464BCE00E02D86 /* new_default.xcstrings in Resources */,
				49DF75752B4771FC004F0EAE /* usa.stringsdict in Resources */,
				490994F72B4721C80083FA8E /* nightshots.stringsdict in Resources */,
				49D7B2C72B4754A600A61517 /* new_potd.xcstrings in Resources */,
				49D7B2BE2B47342000A61517 /* beaches.stringsdict in Resources */,
				49D7B2BA2B4732C100A61517 /* alltrees.stringsdict in Resources */,
				49DF75712B477020004F0EAE /* reflection.stringsdict in Resources */,
				49D7B2C12B47355D00A61517 /* new_canada.xcstrings in Resources */,
				495CCC502B45E3AC00BBA415 /* Assets.xcassets in Resources */,
				49D7B2BD2B47342000A61517 /* new_beaches.xcstrings in Resources */,
				49D7B2C82B4754A600A61517 /* foggy.stringsdict in Resources */,
				49D7B2B52B47300D00A61517 /* books.stringsdict in Resources */,
				49E711BC2B4647EF00E02D86 /* new_longexposure.xcstrings in Resources */,
			);
			runOnlyForDeploymentPostprocessing = 0;
		};
/* End PBXResourcesBuildPhase section */

/* Begin PBXSourcesBuildPhase section */
		495CCC442B45E3AA00BBA415 /* Sources */ = {
			isa = PBXSourcesBuildPhase;
			buildActionMask = 2147483647;
			files = (
				495CCC4E2B45E3AA00BBA415 /* ContentView.swift in Sources */,
				495CCC4C2B45E3AA00BBA415 /* Vero_ScriptsApp.swift in Sources */,
			);
			runOnlyForDeploymentPostprocessing = 0;
		};
/* End PBXSourcesBuildPhase section */

/* Begin XCBuildConfiguration section */
		495CCC552B45E3AC00BBA415 /* Debug */ = {
			isa = XCBuildConfiguration;
			buildSettings = {
				ALWAYS_SEARCH_USER_PATHS = NO;
				ASSETCATALOG_COMPILER_GENERATE_SWIFT_ASSET_SYMBOL_EXTENSIONS = YES;
				CLANG_ANALYZER_NONNULL = YES;
				CLANG_ANALYZER_NUMBER_OBJECT_CONVERSION = YES_AGGRESSIVE;
				CLANG_CXX_LANGUAGE_STANDARD = "gnu++20";
				CLANG_ENABLE_MODULES = YES;
				CLANG_ENABLE_OBJC_ARC = YES;
				CLANG_ENABLE_OBJC_WEAK = YES;
				CLANG_WARN_BLOCK_CAPTURE_AUTORELEASING = YES;
				CLANG_WARN_BOOL_CONVERSION = YES;
				CLANG_WARN_COMMA = YES;
				CLANG_WARN_CONSTANT_CONVERSION = YES;
				CLANG_WARN_DEPRECATED_OBJC_IMPLEMENTATIONS = YES;
				CLANG_WARN_DIRECT_OBJC_ISA_USAGE = YES_ERROR;
				CLANG_WARN_DOCUMENTATION_COMMENTS = YES;
				CLANG_WARN_EMPTY_BODY = YES;
				CLANG_WARN_ENUM_CONVERSION = YES;
				CLANG_WARN_INFINITE_RECURSION = YES;
				CLANG_WARN_INT_CONVERSION = YES;
				CLANG_WARN_NON_LITERAL_NULL_CONVERSION = YES;
				CLANG_WARN_OBJC_IMPLICIT_RETAIN_SELF = YES;
				CLANG_WARN_OBJC_LITERAL_CONVERSION = YES;
				CLANG_WARN_OBJC_ROOT_CLASS = YES_ERROR;
				CLANG_WARN_QUOTED_INCLUDE_IN_FRAMEWORK_HEADER = YES;
				CLANG_WARN_RANGE_LOOP_ANALYSIS = YES;
				CLANG_WARN_STRICT_PROTOTYPES = YES;
				CLANG_WARN_SUSPICIOUS_MOVE = YES;
				CLANG_WARN_UNGUARDED_AVAILABILITY = YES_AGGRESSIVE;
				CLANG_WARN_UNREACHABLE_CODE = YES;
				CLANG_WARN__DUPLICATE_METHOD_MATCH = YES;
				COPY_PHASE_STRIP = NO;
				DEBUG_INFORMATION_FORMAT = dwarf;
				ENABLE_STRICT_OBJC_MSGSEND = YES;
				ENABLE_TESTABILITY = YES;
				ENABLE_USER_SCRIPT_SANDBOXING = YES;
				GCC_C_LANGUAGE_STANDARD = gnu17;
				GCC_DYNAMIC_NO_PIC = NO;
				GCC_NO_COMMON_BLOCKS = YES;
				GCC_OPTIMIZATION_LEVEL = 0;
				GCC_PREPROCESSOR_DEFINITIONS = (
					"DEBUG=1",
					"$(inherited)",
				);
				GCC_WARN_64_TO_32_BIT_CONVERSION = YES;
				GCC_WARN_ABOUT_RETURN_TYPE = YES_ERROR;
				GCC_WARN_UNDECLARED_SELECTOR = YES;
				GCC_WARN_UNINITIALIZED_AUTOS = YES_AGGRESSIVE;
				GCC_WARN_UNUSED_FUNCTION = YES;
				GCC_WARN_UNUSED_VARIABLE = YES;
				LOCALIZATION_PREFERS_STRING_CATALOGS = YES;
				MACOSX_DEPLOYMENT_TARGET = 12.0;
				MTL_ENABLE_DEBUG_INFO = INCLUDE_SOURCE;
				MTL_FAST_MATH = YES;
				ONLY_ACTIVE_ARCH = YES;
				SDKROOT = macosx;
				SWIFT_ACTIVE_COMPILATION_CONDITIONS = "DEBUG $(inherited)";
				SWIFT_OPTIMIZATION_LEVEL = "-Onone";
			};
			name = Debug;
		};
		495CCC562B45E3AC00BBA415 /* Release */ = {
			isa = XCBuildConfiguration;
			buildSettings = {
				ALWAYS_SEARCH_USER_PATHS = NO;
				ASSETCATALOG_COMPILER_GENERATE_SWIFT_ASSET_SYMBOL_EXTENSIONS = YES;
				CLANG_ANALYZER_NONNULL = YES;
				CLANG_ANALYZER_NUMBER_OBJECT_CONVERSION = YES_AGGRESSIVE;
				CLANG_CXX_LANGUAGE_STANDARD = "gnu++20";
				CLANG_ENABLE_MODULES = YES;
				CLANG_ENABLE_OBJC_ARC = YES;
				CLANG_ENABLE_OBJC_WEAK = YES;
				CLANG_WARN_BLOCK_CAPTURE_AUTORELEASING = YES;
				CLANG_WARN_BOOL_CONVERSION = YES;
				CLANG_WARN_COMMA = YES;
				CLANG_WARN_CONSTANT_CONVERSION = YES;
				CLANG_WARN_DEPRECATED_OBJC_IMPLEMENTATIONS = YES;
				CLANG_WARN_DIRECT_OBJC_ISA_USAGE = YES_ERROR;
				CLANG_WARN_DOCUMENTATION_COMMENTS = YES;
				CLANG_WARN_EMPTY_BODY = YES;
				CLANG_WARN_ENUM_CONVERSION = YES;
				CLANG_WARN_INFINITE_RECURSION = YES;
				CLANG_WARN_INT_CONVERSION = YES;
				CLANG_WARN_NON_LITERAL_NULL_CONVERSION = YES;
				CLANG_WARN_OBJC_IMPLICIT_RETAIN_SELF = YES;
				CLANG_WARN_OBJC_LITERAL_CONVERSION = YES;
				CLANG_WARN_OBJC_ROOT_CLASS = YES_ERROR;
				CLANG_WARN_QUOTED_INCLUDE_IN_FRAMEWORK_HEADER = YES;
				CLANG_WARN_RANGE_LOOP_ANALYSIS = YES;
				CLANG_WARN_STRICT_PROTOTYPES = YES;
				CLANG_WARN_SUSPICIOUS_MOVE = YES;
				CLANG_WARN_UNGUARDED_AVAILABILITY = YES_AGGRESSIVE;
				CLANG_WARN_UNREACHABLE_CODE = YES;
				CLANG_WARN__DUPLICATE_METHOD_MATCH = YES;
				COPY_PHASE_STRIP = NO;
				DEBUG_INFORMATION_FORMAT = "dwarf-with-dsym";
				ENABLE_NS_ASSERTIONS = NO;
				ENABLE_STRICT_OBJC_MSGSEND = YES;
				ENABLE_USER_SCRIPT_SANDBOXING = YES;
				GCC_C_LANGUAGE_STANDARD = gnu17;
				GCC_NO_COMMON_BLOCKS = YES;
				GCC_WARN_64_TO_32_BIT_CONVERSION = YES;
				GCC_WARN_ABOUT_RETURN_TYPE = YES_ERROR;
				GCC_WARN_UNDECLARED_SELECTOR = YES;
				GCC_WARN_UNINITIALIZED_AUTOS = YES_AGGRESSIVE;
				GCC_WARN_UNUSED_FUNCTION = YES;
				GCC_WARN_UNUSED_VARIABLE = YES;
				LOCALIZATION_PREFERS_STRING_CATALOGS = YES;
				MACOSX_DEPLOYMENT_TARGET = 12.0;
				MTL_ENABLE_DEBUG_INFO = NO;
				MTL_FAST_MATH = YES;
				SDKROOT = macosx;
				SWIFT_COMPILATION_MODE = wholemodule;
			};
			name = Release;
		};
		495CCC582B45E3AC00BBA415 /* Debug */ = {
			isa = XCBuildConfiguration;
			buildSettings = {
				ASSETCATALOG_COMPILER_APPICON_NAME = AppIcon;
				ASSETCATALOG_COMPILER_GLOBAL_ACCENT_COLOR_NAME = AccentColor;
				ASSETCATALOG_COMPILER_INCLUDE_ALL_APPICON_ASSETS = YES;
				CODE_SIGN_ENTITLEMENTS = "Vero Scripts/Vero_Scripts.entitlements";
				CODE_SIGN_IDENTITY = "3rd Party Mac Developer Application";
				CODE_SIGN_STYLE = Manual;
				COMBINE_HIDPI_IMAGES = YES;
				CURRENT_PROJECT_VERSION = 2;
				DEVELOPMENT_ASSET_PATHS = "\"Vero Scripts/Preview Content\"";
				DEVELOPMENT_TEAM = 7U6K972H9Q;
				ENABLE_HARDENED_RUNTIME = YES;
				ENABLE_PREVIEWS = YES;
				GENERATE_INFOPLIST_FILE = YES;
				INFOPLIST_KEY_LSApplicationCategoryType = "public.app-category.productivity";
				INFOPLIST_KEY_NSHumanReadableCopyright = "";
				LD_RUNPATH_SEARCH_PATHS = (
					"$(inherited)",
					"@executable_path/../Frameworks",
				);
				MACOSX_DEPLOYMENT_TARGET = 12.0;
				MARKETING_VERSION = 1.0;
				PRODUCT_BUNDLE_IDENTIFIER = "com.andydragon.Vero-Scripts";
				PRODUCT_NAME = "$(TARGET_NAME)";
				PROVISIONING_PROFILE_SPECIFIER = "";
				SWIFT_EMIT_LOC_STRINGS = YES;
				SWIFT_VERSION = 5.0;
			};
			name = Debug;
		};
		495CCC592B45E3AC00BBA415 /* Release */ = {
			isa = XCBuildConfiguration;
			buildSettings = {
				ASSETCATALOG_COMPILER_APPICON_NAME = AppIcon;
				ASSETCATALOG_COMPILER_GLOBAL_ACCENT_COLOR_NAME = AccentColor;
				ASSETCATALOG_COMPILER_INCLUDE_ALL_APPICON_ASSETS = YES;
				CODE_SIGN_ENTITLEMENTS = "Vero Scripts/Vero_Scripts.entitlements";
				CODE_SIGN_IDENTITY = "3rd Party Mac Developer Application";
				CODE_SIGN_STYLE = Manual;
				COMBINE_HIDPI_IMAGES = YES;
				CURRENT_PROJECT_VERSION = 2;
				DEVELOPMENT_ASSET_PATHS = "\"Vero Scripts/Preview Content\"";
				DEVELOPMENT_TEAM = 7U6K972H9Q;
				ENABLE_HARDENED_RUNTIME = YES;
				ENABLE_PREVIEWS = YES;
				GENERATE_INFOPLIST_FILE = YES;
				INFOPLIST_KEY_LSApplicationCategoryType = "public.app-category.productivity";
				INFOPLIST_KEY_NSHumanReadableCopyright = "";
				LD_RUNPATH_SEARCH_PATHS = (
					"$(inherited)",
					"@executable_path/../Frameworks",
				);
				MACOSX_DEPLOYMENT_TARGET = 12.0;
				MARKETING_VERSION = 1.0;
				PRODUCT_BUNDLE_IDENTIFIER = "com.andydragon.Vero-Scripts";
				PRODUCT_NAME = "$(TARGET_NAME)";
				PROVISIONING_PROFILE_SPECIFIER = "";
				SWIFT_EMIT_LOC_STRINGS = YES;
				SWIFT_VERSION = 5.0;
			};
			name = Release;
		};
/* End XCBuildConfiguration section */

/* Begin XCConfigurationList section */
		495CCC432B45E3AA00BBA415 /* Build configuration list for PBXProject "Vero Scripts" */ = {
			isa = XCConfigurationList;
			buildConfigurations = (
				495CCC552B45E3AC00BBA415 /* Debug */,
				495CCC562B45E3AC00BBA415 /* Release */,
			);
			defaultConfigurationIsVisible = 0;
			defaultConfigurationName = Release;
		};
		495CCC572B45E3AC00BBA415 /* Build configuration list for PBXNativeTarget "Vero Scripts" */ = {
			isa = XCConfigurationList;
			buildConfigurations = (
				495CCC582B45E3AC00BBA415 /* Debug */,
				495CCC592B45E3AC00BBA415 /* Release */,
			);
			defaultConfigurationIsVisible = 0;
			defaultConfigurationName = Release;
		};
/* End XCConfigurationList section */
	};
	rootObject = 495CCC402B45E3AA00BBA415 /* Project object */;
}
